
Microsoft Visual Studio Solution File, Format Version 12.00
# Visual Studio 2013
VisualStudioVersion = 12.0.21005.1
MinimumVisualStudioVersion = 10.0.40219.1
Project("{FAE04EC0-301F-11D3-BF4B-00C04F79EFBC}") = "HuyNguyenNgoc_117000426_17SE111", "project_11122019\HuyNguyenNgoc_117000426_17SE111.csproj", "{9E2C2AD2-3F49-4EF7-9A56-40C26DC00034}"
EndProject
Global
	GlobalSection(SolutionConfigurationPlatforms) = preSolution
		Debug|Any CPU = Debug|Any CPU
		Release|Any CPU = Release|Any CPU
	EndGlobalSection
	GlobalSection(ProjectConfigurationPlatforms) = postSolution
		{9E2C2AD2-3F49-4EF7-9A56-40C26DC00034}.Debug|Any CPU.ActiveCfg = Debug|Any CPU
		{9E2C2AD2-3F49-4EF7-9A56-40C26DC00034}.Debug|Any CPU.Build.0 = Debug|Any CPU
		{9E2C2AD2-3F49-4EF7-9A56-40C26DC00034}.Release|Any CPU.ActiveCfg = Release|Any CPU
		{9E2C2AD2-3F49-4EF7-9A56-40C26DC00034}.Release|Any CPU.Build.0 = Release|Any CPU
	EndGlobalSection
	GlobalSection(SolutionProperties) = preSolution
		HideSolutionNode = FALSE
	EndGlobalSection
EndGlobal
